// !$*UTF8*$!
{
	archiveVersion = 1;
	classes = {
	};
	objectVersion = 46;
	objects = {

/* Begin PBXBuildFile section */
		D2A8CA811C17841D007AF8D8 /* AppDelegate.swift in Sources */ = {isa = PBXBuildFile; fileRef = D2A8CA801C17841D007AF8D8 /* AppDelegate.swift */; };
		D2A8CA841C17841D007AF8D8 /* SplitView_Swift.xcdatamodeld in Sources */ = {isa = PBXBuildFile; fileRef = D2A8CA821C17841D007AF8D8 /* SplitView_Swift.xcdatamodeld */; };
		D2A8CA861C17841D007AF8D8 /* MasterViewController.swift in Sources */ = {isa = PBXBuildFile; fileRef = D2A8CA851C17841D007AF8D8 /* MasterViewController.swift */; };
		D2A8CA881C17841D007AF8D8 /* DetailViewController.swift in Sources */ = {isa = PBXBuildFile; fileRef = D2A8CA871C17841D007AF8D8 /* DetailViewController.swift */; };
		D2A8CA8B1C17841D007AF8D8 /* Main.storyboard in Resources */ = {isa = PBXBuildFile; fileRef = D2A8CA891C17841D007AF8D8 /* Main.storyboard */; };
		D2A8CA8D1C17841D007AF8D8 /* Assets.xcassets in Resources */ = {isa = PBXBuildFile; fileRef = D2A8CA8C1C17841D007AF8D8 /* Assets.xcassets */; };
		D2A8CA901C17841D007AF8D8 /* LaunchScreen.storyboard in Resources */ = {isa = PBXBuildFile; fileRef = D2A8CA8E1C17841D007AF8D8 /* LaunchScreen.storyboard */; };
		D2A8CA9B1C17841D007AF8D8 /* SplitView_SwiftTests.swift in Sources */ = {isa = PBXBuildFile; fileRef = D2A8CA9A1C17841D007AF8D8 /* SplitView_SwiftTests.swift */; };
		D2A8CAA61C17841D007AF8D8 /* SplitView_SwiftUITests.swift in Sources */ = {isa = PBXBuildFile; fileRef = D2A8CAA51C17841D007AF8D8 /* SplitView_SwiftUITests.swift */; };
/* End PBXBuildFile section */

/* Begin PBXContainerItemProxy section */
		D2A8CA971C17841D007AF8D8 /* PBXContainerItemProxy */ = {
			isa = PBXContainerItemProxy;
			containerPortal = D2A8CA751C17841D007AF8D8 /* Project object */;
			proxyType = 1;
			remoteGlobalIDString = D2A8CA7C1C17841D007AF8D8;
			remoteInfo = "SplitView-Swift";
		};
		D2A8CAA21C17841D007AF8D8 /* PBXContainerItemProxy */ = {
			isa = PBXContainerItemProxy;
			containerPortal = D2A8CA751C17841D007AF8D8 /* Project object */;
			proxyType = 1;
			remoteGlobalIDString = D2A8CA7C1C17841D007AF8D8;
			remoteInfo = "SplitView-Swift";
		};
/* End PBXContainerItemProxy section */

/* Begin PBXFileReference section */
		D2A8CA7D1C17841D007AF8D8 /* SplitView-Swift.app */ = {isa = PBXFileReference; explicitFileType = wrapper.application; includeInIndex = 0; path = "SplitView-Swift.app"; sourceTree = BUILT_PRODUCTS_DIR; };
		D2A8CA801C17841D007AF8D8 /* AppDelegate.swift */ = {isa = PBXFileReference; lastKnownFileType = sourcecode.swift; path = AppDelegate.swift; sourceTree = "<group>"; };
		D2A8CA831C17841D007AF8D8 /* SplitView_Swift.xcdatamodel */ = {isa = PBXFileReference; lastKnownFileType = wrapper.xcdatamodel; path = SplitView_Swift.xcdatamodel; sourceTree = "<group>"; };
		D2A8CA851C17841D007AF8D8 /* MasterViewController.swift */ = {isa = PBXFileReference; lastKnownFileType = sourcecode.swift; path = MasterViewController.swift; sourceTree = "<group>"; };
		D2A8CA871C17841D007AF8D8 /* DetailViewController.swift */ = {isa = PBXFileReference; lastKnownFileType = sourcecode.swift; path = DetailViewController.swift; sourceTree = "<group>"; };
		D2A8CA8A1C17841D007AF8D8 /* Base */ = {isa = PBXFileReference; lastKnownFileType = file.storyboard; name = Base; path = Base.lproj/Main.storyboard; sourceTree = "<group>"; };
		D2A8CA8C1C17841D007AF8D8 /* Assets.xcassets */ = {isa = PBXFileReference; lastKnownFileType = folder.assetcatalog; path = Assets.xcassets; sourceTree = "<group>"; };
		D2A8CA8F1C17841D007AF8D8 /* Base */ = {isa = PBXFileReference; lastKnownFileType = file.storyboard; name = Base; path = Base.lproj/LaunchScreen.storyboard; sourceTree = "<group>"; };
		D2A8CA911C17841D007AF8D8 /* Info.plist */ = {isa = PBXFileReference; lastKnownFileType = text.plist.xml; path = Info.plist; sourceTree = "<group>"; };
		D2A8CA961C17841D007AF8D8 /* SplitView-SwiftTests.xctest */ = {isa = PBXFileReference; explicitFileType = wrapper.cfbundle; includeInIndex = 0; path = "SplitView-SwiftTests.xctest"; sourceTree = BUILT_PRODUCTS_DIR; };
		D2A8CA9A1C17841D007AF8D8 /* SplitView_SwiftTests.swift */ = {isa = PBXFileReference; lastKnownFileType = sourcecode.swift; path = SplitView_SwiftTests.swift; sourceTree = "<group>"; };
		D2A8CA9C1C17841D007AF8D8 /* Info.plist */ = {isa = PBXFileReference; lastKnownFileType = text.plist.xml; path = Info.plist; sourceTree = "<group>"; };
		D2A8CAA11C17841D007AF8D8 /* SplitView-SwiftUITests.xctest */ = {isa = PBXFileReference; explicitFileType = wrapper.cfbundle; includeInIndex = 0; path = "SplitView-SwiftUITests.xctest"; sourceTree = BUILT_PRODUCTS_DIR; };
		D2A8CAA51C17841D007AF8D8 /* SplitView_SwiftUITests.swift */ = {isa = PBXFileReference; lastKnownFileType = sourcecode.swift; path = SplitView_SwiftUITests.swift; sourceTree = "<group>"; };
		D2A8CAA71C17841D007AF8D8 /* Info.plist */ = {isa = PBXFileReference; lastKnownFileType = text.plist.xml; path = Info.plist; sourceTree = "<group>"; };
/* End PBXFileReference section */

/* Begin PBXFrameworksBuildPhase section */
		D2A8CA7A1C17841D007AF8D8 /* Frameworks */ = {
			isa = PBXFrameworksBuildPhase;
			buildActionMask = 2147483647;
			files = (
			);
			runOnlyForDeploymentPostprocessing = 0;
		};
		D2A8CA931C17841D007AF8D8 /* Frameworks */ = {
			isa = PBXFrameworksBuildPhase;
			buildActionMask = 2147483647;
			files = (
			);
			runOnlyForDeploymentPostprocessing = 0;
		};
		D2A8CA9E1C17841D007AF8D8 /* Frameworks */ = {
			isa = PBXFrameworksBuildPhase;
			buildActionMask = 2147483647;
			files = (
			);
			runOnlyForDeploymentPostprocessing = 0;
		};
/* End PBXFrameworksBuildPhase section */

/* Begin PBXGroup section */
		D2A8CA741C17841D007AF8D8 = {
			isa = PBXGroup;
			children = (
				D2A8CA7F1C17841D007AF8D8 /* SplitView-Swift */,
				D2A8CA991C17841D007AF8D8 /* SplitView-SwiftTests */,
				D2A8CAA41C17841D007AF8D8 /* SplitView-SwiftUITests */,
				D2A8CA7E1C17841D007AF8D8 /* Products */,
			);
			sourceTree = "<group>";
		};
		D2A8CA7E1C17841D007AF8D8 /* Products */ = {
			isa = PBXGroup;
			children = (
				D2A8CA7D1C17841D007AF8D8 /* SplitView-Swift.app */,
				D2A8CA961C17841D007AF8D8 /* SplitView-SwiftTests.xctest */,
				D2A8CAA11C17841D007AF8D8 /* SplitView-SwiftUITests.xctest */,
			);
			name = Products;
			sourceTree = "<group>";
		};
		D2A8CA7F1C17841D007AF8D8 /* SplitView-Swift */ = {
			isa = PBXGroup;
			children = (
				D2A8CA801C17841D007AF8D8 /* AppDelegate.swift */,
				D2A8CA851C17841D007AF8D8 /* MasterViewController.swift */,
				D2A8CA871C17841D007AF8D8 /* DetailViewController.swift */,
				D2A8CA891C17841D007AF8D8 /* Main.storyboard */,
				D2A8CA8C1C17841D007AF8D8 /* Assets.xcassets */,
				D2A8CA8E1C17841D007AF8D8 /* LaunchScreen.storyboard */,
				D2A8CA911C17841D007AF8D8 /* Info.plist */,
				D2A8CA821C17841D007AF8D8 /* SplitView_Swift.xcdatamodeld */,
			);
			path = "SplitView-Swift";
			sourceTree = "<group>";
		};
		D2A8CA991C17841D007AF8D8 /* SplitView-SwiftTests */ = {
			isa = PBXGroup;
			children = (
				D2A8CA9A1C17841D007AF8D8 /* SplitView_SwiftTests.swift */,
				D2A8CA9C1C17841D007AF8D8 /* Info.plist */,
			);
			path = "SplitView-SwiftTests";
			sourceTree = "<group>";
		};
		D2A8CAA41C17841D007AF8D8 /* SplitView-SwiftUITests */ = {
			isa = PBXGroup;
			children = (
				D2A8CAA51C17841D007AF8D8 /* SplitView_SwiftUITests.swift */,
				D2A8CAA71C17841D007AF8D8 /* Info.plist */,
			);
			path = "SplitView-SwiftUITests";
			sourceTree = "<group>";
		};
/* End PBXGroup section */

/* Begin PBXNativeTarget section */
		D2A8CA7C1C17841D007AF8D8 /* SplitView-Swift */ = {
			isa = PBXNativeTarget;
			buildConfigurationList = D2A8CAAA1C17841D007AF8D8 /* Build configuration list for PBXNativeTarget "SplitView-Swift" */;
			buildPhases = (
				D2A8CA791C17841D007AF8D8 /* Sources */,
				D2A8CA7A1C17841D007AF8D8 /* Frameworks */,
				D2A8CA7B1C17841D007AF8D8 /* Resources */,
			);
			buildRules = (
			);
			dependencies = (
			);
			name = "SplitView-Swift";
			productName = "SplitView-Swift";
			productReference = D2A8CA7D1C17841D007AF8D8 /* SplitView-Swift.app */;
			productType = "com.apple.product-type.application";
		};
		D2A8CA951C17841D007AF8D8 /* SplitView-SwiftTests */ = {
			isa = PBXNativeTarget;
			buildConfigurationList = D2A8CAAD1C17841D007AF8D8 /* Build configuration list for PBXNativeTarget "SplitView-SwiftTests" */;
			buildPhases = (
				D2A8CA921C17841D007AF8D8 /* Sources */,
				D2A8CA931C17841D007AF8D8 /* Frameworks */,
				D2A8CA941C17841D007AF8D8 /* Resources */,
			);
			buildRules = (
			);
			dependencies = (
				D2A8CA981C17841D007AF8D8 /* PBXTargetDependency */,
			);
			name = "SplitView-SwiftTests";
			productName = "SplitView-SwiftTests";
			productReference = D2A8CA961C17841D007AF8D8 /* SplitView-SwiftTests.xctest */;
			productType = "com.apple.product-type.bundle.unit-test";
		};
		D2A8CAA01C17841D007AF8D8 /* SplitView-SwiftUITests */ = {
			isa = PBXNativeTarget;
			buildConfigurationList = D2A8CAB01C17841D007AF8D8 /* Build configuration list for PBXNativeTarget "SplitView-SwiftUITests" */;
			buildPhases = (
				D2A8CA9D1C17841D007AF8D8 /* Sources */,
				D2A8CA9E1C17841D007AF8D8 /* Frameworks */,
				D2A8CA9F1C17841D007AF8D8 /* Resources */,
			);
			buildRules = (
			);
			dependencies = (
				D2A8CAA31C17841D007AF8D8 /* PBXTargetDependency */,
			);
			name = "SplitView-SwiftUITests";
			productName = "SplitView-SwiftUITests";
			productReference = D2A8CAA11C17841D007AF8D8 /* SplitView-SwiftUITests.xctest */;
			productType = "com.apple.product-type.bundle.ui-testing";
		};
/* End PBXNativeTarget section */

/* Begin PBXProject section */
		D2A8CA751C17841D007AF8D8 /* Project object */ = {
			isa = PBXProject;
			attributes = {
				LastSwiftUpdateCheck = 0710;
				LastUpgradeCheck = 0710;
				ORGANIZATIONNAME = "Pinkstone Pictures LLC";
				TargetAttributes = {
					D2A8CA7C1C17841D007AF8D8 = {
						CreatedOnToolsVersion = 7.1;
					};
					D2A8CA951C17841D007AF8D8 = {
						CreatedOnToolsVersion = 7.1;
						TestTargetID = D2A8CA7C1C17841D007AF8D8;
					};
					D2A8CAA01C17841D007AF8D8 = {
						CreatedOnToolsVersion = 7.1;
						TestTargetID = D2A8CA7C1C17841D007AF8D8;
					};
				};
			};
			buildConfigurationList = D2A8CA781C17841D007AF8D8 /* Build configuration list for PBXProject "SplitView-Swift" */;
			compatibilityVersion = "Xcode 3.2";
			developmentRegion = English;
			hasScannedForEncodings = 0;
			knownRegions = (
				en,
				Base,
			);
			mainGroup = D2A8CA741C17841D007AF8D8;
			productRefGroup = D2A8CA7E1C17841D007AF8D8 /* Products */;
			projectDirPath = "";
			projectRoot = "";
			targets = (
				D2A8CA7C1C17841D007AF8D8 /* SplitView-Swift */,
				D2A8CA951C17841D007AF8D8 /* SplitView-SwiftTests */,
				D2A8CAA01C17841D007AF8D8 /* SplitView-SwiftUITests */,
			);
		};
/* End PBXProject section */

/* Begin PBXResourcesBuildPhase section */
		D2A8CA7B1C17841D007AF8D8 /* Resources */ = {
			isa = PBXResourcesBuildPhase;
			buildActionMask = 2147483647;
			files = (
				D2A8CA901C17841D007AF8D8 /* LaunchScreen.storyboard in Resources */,
				D2A8CA8D1C17841D007AF8D8 /* Assets.xcassets in Resources */,
				D2A8CA8B1C17841D007AF8D8 /* Main.storyboard in Resources */,
			);
			runOnlyForDeploymentPostprocessing = 0;
		};
		D2A8CA941C17841D007AF8D8 /* Resources */ = {
			isa = PBXResourcesBuildPhase;
			buildActionMask = 2147483647;
			files = (
			);
			runOnlyForDeploymentPostprocessing = 0;
		};
		D2A8CA9F1C17841D007AF8D8 /* Resources */ = {
			isa = PBXResourcesBuildPhase;
			buildActionMask = 2147483647;
			files = (
			);
			runOnlyForDeploymentPostprocessing = 0;
		};
/* End PBXResourcesBuildPhase section */

/* Begin PBXSourcesBuildPhase section */
		D2A8CA791C17841D007AF8D8 /* Sources */ = {
			isa = PBXSourcesBuildPhase;
			buildActionMask = 2147483647;
			files = (
				D2A8CA811C17841D007AF8D8 /* AppDelegate.swift in Sources */,
				D2A8CA841C17841D007AF8D8 /* SplitView_Swift.xcdatamodeld in Sources */,
				D2A8CA861C17841D007AF8D8 /* MasterViewController.swift in Sources */,
				D2A8CA881C17841D007AF8D8 /* DetailViewController.swift in Sources */,
			);
			runOnlyForDeploymentPostprocessing = 0;
		};
		D2A8CA921C17841D007AF8D8 /* Sources */ = {
			isa = PBXSourcesBuildPhase;
			buildActionMask = 2147483647;
			files = (
				D2A8CA9B1C17841D007AF8D8 /* SplitView_SwiftTests.swift in Sources */,
			);
			runOnlyForDeploymentPostprocessing = 0;
		};
		D2A8CA9D1C17841D007AF8D8 /* Sources */ = {
			isa = PBXSourcesBuildPhase;
			buildActionMask = 2147483647;
			files = (
				D2A8CAA61C17841D007AF8D8 /* SplitView_SwiftUITests.swift in Sources */,
			);
			runOnlyForDeploymentPostprocessing = 0;
		};
/* End PBXSourcesBuildPhase section */

/* Begin PBXTargetDependency section */
		D2A8CA981C17841D007AF8D8 /* PBXTargetDependency */ = {
			isa = PBXTargetDependency;
			target = D2A8CA7C1C17841D007AF8D8 /* SplitView-Swift */;
			targetProxy = D2A8CA971C17841D007AF8D8 /* PBXContainerItemProxy */;
		};
		D2A8CAA31C17841D007AF8D8 /* PBXTargetDependency */ = {
			isa = PBXTargetDependency;
			target = D2A8CA7C1C17841D007AF8D8 /* SplitView-Swift */;
			targetProxy = D2A8CAA21C17841D007AF8D8 /* PBXContainerItemProxy */;
		};
/* End PBXTargetDependency section */

/* Begin PBXVariantGroup section */
		D2A8CA891C17841D007AF8D8 /* Main.storyboard */ = {
			isa = PBXVariantGroup;
			children = (
				D2A8CA8A1C17841D007AF8D8 /* Base */,
			);
			name = Main.storyboard;
			sourceTree = "<group>";
		};
		D2A8CA8E1C17841D007AF8D8 /* LaunchScreen.storyboard */ = {
			isa = PBXVariantGroup;
			children = (
				D2A8CA8F1C17841D007AF8D8 /* Base */,
			);
			name = LaunchScreen.storyboard;
			sourceTree = "<group>";
		};
/* End PBXVariantGroup section */

/* Begin XCBuildConfiguration section */
		D2A8CAA81C17841D007AF8D8 /* Debug */ = {
			isa = XCBuildConfiguration;
			buildSettings = {
				ALWAYS_SEARCH_USER_PATHS = NO;
				CLANG_CXX_LANGUAGE_STANDARD = "gnu++0x";
				CLANG_CXX_LIBRARY = "libc++";
				CLANG_ENABLE_MODULES = YES;
				CLANG_ENABLE_OBJC_ARC = YES;
				CLANG_WARN_BOOL_CONVERSION = YES;
				CLANG_WARN_CONSTANT_CONVERSION = YES;
				CLANG_WARN_DIRECT_OBJC_ISA_USAGE = YES_ERROR;
				CLANG_WARN_EMPTY_BODY = YES;
				CLANG_WARN_ENUM_CONVERSION = YES;
				CLANG_WARN_INT_CONVERSION = YES;
				CLANG_WARN_OBJC_ROOT_CLASS = YES_ERROR;
				CLANG_WARN_UNREACHABLE_CODE = YES;
				CLANG_WARN__DUPLICATE_METHOD_MATCH = YES;
				"CODE_SIGN_IDENTITY[sdk=iphoneos*]" = "iPhone Developer";
				COPY_PHASE_STRIP = NO;
				DEBUG_INFORMATION_FORMAT = dwarf;
				ENABLE_STRICT_OBJC_MSGSEND = YES;
				ENABLE_TESTABILITY = YES;
				GCC_C_LANGUAGE_STANDARD = gnu99;
				GCC_DYNAMIC_NO_PIC = NO;
				GCC_NO_COMMON_BLOCKS = YES;
				GCC_OPTIMIZATION_LEVEL = 0;
				GCC_PREPROCESSOR_DEFINITIONS = (
					"DEBUG=1",
					"$(inherited)",
				);
				GCC_WARN_64_TO_32_BIT_CONVERSION = YES;
				GCC_WARN_ABOUT_RETURN_TYPE = YES_ERROR;
				GCC_WARN_UNDECLARED_SELECTOR = YES;
				GCC_WARN_UNINITIALIZED_AUTOS = YES_AGGRESSIVE;
				GCC_WARN_UNUSED_FUNCTION = YES;
				GCC_WARN_UNUSED_VARIABLE = YES;
				IPHONEOS_DEPLOYMENT_TARGET = 9.1;
				MTL_ENABLE_DEBUG_INFO = YES;
				ONLY_ACTIVE_ARCH = YES;
				SDKROOT = iphoneos;
				SWIFT_OPTIMIZATION_LEVEL = "-Onone";
				TARGETED_DEVICE_FAMILY = "1,2";
			};
			name = Debug;
		};
		D2A8CAA91C17841D007AF8D8 /* Release */ = {
			isa = XCBuildConfiguration;
			buildSettings = {
				ALWAYS_SEARCH_USER_PATHS = NO;
				CLANG_CXX_LANGUAGE_STANDARD = "gnu++0x";
				CLANG_CXX_LIBRARY = "libc++";
				CLANG_ENABLE_MODULES = YES;
				CLANG_ENABLE_OBJC_ARC = YES;
				CLANG_WARN_BOOL_CONVERSION = YES;
				CLANG_WARN_CONSTANT_CONVERSION = YES;
				CLANG_WARN_DIRECT_OBJC_ISA_USAGE = YES_ERROR;
				CLANG_WARN_EMPTY_BODY = YES;
				CLANG_WARN_ENUM_CONVERSION = YES;
				CLANG_WARN_INT_CONVERSION = YES;
				CLANG_WARN_OBJC_ROOT_CLASS = YES_ERROR;
				CLANG_WARN_UNREACHABLE_CODE = YES;
				CLANG_WARN__DUPLICATE_METHOD_MATCH = YES;
				"CODE_SIGN_IDENTITY[sdk=iphoneos*]" = "iPhone Developer";
				COPY_PHASE_STRIP = NO;
				DEBUG_INFORMATION_FORMAT = "dwarf-with-dsym";
				ENABLE_NS_ASSERTIONS = NO;
				ENABLE_STRICT_OBJC_MSGSEND = YES;
				GCC_C_LANGUAGE_STANDARD = gnu99;
				GCC_NO_COMMON_BLOCKS = YES;
				GCC_WARN_64_TO_32_BIT_CONVERSION = YES;
				GCC_WARN_ABOUT_RETURN_TYPE = YES_ERROR;
				GCC_WARN_UNDECLARED_SELECTOR = YES;
				GCC_WARN_UNINITIALIZED_AUTOS = YES_AGGRESSIVE;
				GCC_WARN_UNUSED_FUNCTION = YES;
				GCC_WARN_UNUSED_VARIABLE = YES;
				IPHONEOS_DEPLOYMENT_TARGET = 9.1;
				MTL_ENABLE_DEBUG_INFO = NO;
				SDKROOT = iphoneos;
				TARGETED_DEVICE_FAMILY = "1,2";
				VALIDATE_PRODUCT = YES;
			};
			name = Release;
		};
		D2A8CAAB1C17841D007AF8D8 /* Debug */ = {
			isa = XCBuildConfiguration;
			buildSettings = {
				ASSETCATALOG_COMPILER_APPICON_NAME = AppIcon;
				INFOPLIST_FILE = "SplitView-Swift/Info.plist";
				LD_RUNPATH_SEARCH_PATHS = "$(inherited) @executable_path/Frameworks";
				PRODUCT_BUNDLE_IDENTIFIER = "com.versluis.SplitView-Swift";
				PRODUCT_NAME = "$(TARGET_NAME)";
			};
			name = Debug;
		};
		D2A8CAAC1C17841D007AF8D8 /* Release */ = {
			isa = XCBuildConfiguration;
			buildSettings = {
				ASSETCATALOG_COMPILER_APPICON_NAME = AppIcon;
				INFOPLIST_FILE = "SplitView-Swift/Info.plist";
				LD_RUNPATH_SEARCH_PATHS = "$(inherited) @executable_path/Frameworks";
				PRODUCT_BUNDLE_IDENTIFIER = "com.versluis.SplitView-Swift";
				PRODUCT_NAME = "$(TARGET_NAME)";
			};
			name = Release;
		};
		D2A8CAAE1C17841D007AF8D8 /* Debug */ = {
			isa = XCBuildConfiguration;
			buildSettings = {
				BUNDLE_LOADER = "$(TEST_HOST)";
				INFOPLIST_FILE = "SplitView-SwiftTests/Info.plist";
				LD_RUNPATH_SEARCH_PATHS = "$(inherited) @executable_path/Frameworks @loader_path/Frameworks";
				PRODUCT_BUNDLE_IDENTIFIER = "com.versluis.SplitView-SwiftTests";
				PRODUCT_NAME = "$(TARGET_NAME)";
				TEST_HOST = "$(BUILT_PRODUCTS_DIR)/SplitView-Swift.app/SplitView-Swift";
			};
			name = Debug;
		};
		D2A8CAAF1C17841D007AF8D8 /* Release */ = {
			isa = XCBuildConfiguration;
			buildSettings = {
				BUNDLE_LOADER = "$(TEST_HOST)";
				INFOPLIST_FILE = "SplitView-SwiftTests/Info.plist";
				LD_RUNPATH_SEARCH_PATHS = "$(inherited) @executable_path/Frameworks @loader_path/Frameworks";
				PRODUCT_BUNDLE_IDENTIFIER = "com.versluis.SplitView-SwiftTests";
				PRODUCT_NAME = "$(TARGET_NAME)";
				TEST_HOST = "$(BUILT_PRODUCTS_DIR)/SplitView-Swift.app/SplitView-Swift";
			};
			name = Release;
		};
		D2A8CAB11C17841D007AF8D8 /* Debug */ = {
			isa = XCBuildConfiguration;
			buildSettings = {
				INFOPLIST_FILE = "SplitView-SwiftUITests/Info.plist";
				LD_RUNPATH_SEARCH_PATHS = "$(inherited) @executable_path/Frameworks @loader_path/Frameworks";
				PRODUCT_BUNDLE_IDENTIFIER = "com.versluis.SplitView-SwiftUITests";
				PRODUCT_NAME = "$(TARGET_NAME)";
				TEST_TARGET_NAME = "SplitView-Swift";
				USES_XCTRUNNER = YES;
			};
			name = Debug;
		};
		D2A8CAB21C17841D007AF8D8 /* Release */ = {
			isa = XCBuildConfiguration;
			buildSettings = {
				INFOPLIST_FILE = "SplitView-SwiftUITests/Info.plist";
				LD_RUNPATH_SEARCH_PATHS = "$(inherited) @executable_path/Frameworks @loader_path/Frameworks";
				PRODUCT_BUNDLE_IDENTIFIER = "com.versluis.SplitView-SwiftUITests";
				PRODUCT_NAME = "$(TARGET_NAME)";
				TEST_TARGET_NAME = "SplitView-Swift";
				USES_XCTRUNNER = YES;
			};
			name = Release;
		};
/* End XCBuildConfiguration section */

/* Begin XCConfigurationList section */
		D2A8CA781C17841D007AF8D8 /* Build configuration list for PBXProject "SplitView-Swift" */ = {
			isa = XCConfigurationList;
			buildConfigurations = (
				D2A8CAA81C17841D007AF8D8 /* Debug */,
				D2A8CAA91C17841D007AF8D8 /* Release */,
			);
			defaultConfigurationIsVisible = 0;
			defaultConfigurationName = Release;
		};
		D2A8CAAA1C17841D007AF8D8 /* Build configuration list for PBXNativeTarget "SplitView-Swift" */ = {
			isa = XCConfigurationList;
			buildConfigurations = (
				D2A8CAAB1C17841D007AF8D8 /* Debug */,
				D2A8CAAC1C17841D007AF8D8 /* Release */,
			);
			defaultConfigurationIsVisible = 0;
		};
		D2A8CAAD1C17841D007AF8D8 /* Build configuration list for PBXNativeTarget "SplitView-SwiftTests" */ = {
			isa = XCConfigurationList;
			buildConfigurations = (
				D2A8CAAE1C17841D007AF8D8 /* Debug */,
				D2A8CAAF1C17841D007AF8D8 /* Release */,
			);
			defaultConfigurationIsVisible = 0;
		};
		D2A8CAB01C17841D007AF8D8 /* Build configuration list for PBXNativeTarget "SplitView-SwiftUITests" */ = {
			isa = XCConfigurationList;
			buildConfigurations = (
				D2A8CAB11C17841D007AF8D8 /* Debug */,
				D2A8CAB21C17841D007AF8D8 /* Release */,
			);
			defaultConfigurationIsVisible = 0;
		};
/* End XCConfigurationList section */

/* Begin XCVersionGroup section */
		D2A8CA821C17841D007AF8D8 /* SplitView_Swift.xcdatamodeld */ = {
			isa = XCVersionGroup;
			children = (
				D2A8CA831C17841D007AF8D8 /* SplitView_Swift.xcdatamodel */,
			);
			currentVersion = D2A8CA831C17841D007AF8D8 /* SplitView_Swift.xcdatamodel */;
			path = SplitView_Swift.xcdatamodeld;
			sourceTree = "<group>";
			versionGroupType = wrapper.xcdatamodel;
		};
/* End XCVersionGroup section */
	};
	rootObject = D2A8CA751C17841D007AF8D8 /* Project object */;
}
